
Microsoft Visual Studio Solution File, Format Version 12.00
# Visual Studio 2013
VisualStudioVersion = 12.0.21005.1
MinimumVisualStudioVersion = 10.0.40219.1
Project("{8BC9CEB8-8B4A-11D0-8D11-00A0C91BC942}") = "12-24小时制", "12-24小时制\12-24小时制.vcxproj", "{D496A7BA-CEAF-4F25-8278-4C54BDAB010B}"
EndProject
Global
	GlobalSection(SolutionConfigurationPlatforms) = preSolution
		Debug|Win32 = Debug|Win32
		Release|Win32 = Release|Win32
	EndGlobalSection
	GlobalSection(ProjectConfigurationPlatforms) = postSolution
		{D496A7BA-CEAF-4F25-8278-4C54BDAB010B}.Debug|Win32.ActiveCfg = Debug|Win32
		{D496A7BA-CEAF-4F25-8278-4C54BDAB010B}.Debug|Win32.Build.0 = Debug|Win32
		{D496A7BA-CEAF-4F25-8278-4C54BDAB010B}.Release|Win32.ActiveCfg = Release|Win32
		{D496A7BA-CEAF-4F25-8278-4C54BDAB010B}.Release|Win32.Build.0 = Release|Win32
	EndGlobalSection
	GlobalSection(SolutionProperties) = preSolution
		HideSolutionNode = FALSE
	EndGlobalSection
EndGlobal
