
Microsoft Visual Studio Solution File, Format Version 12.00
# Visual Studio 2013
VisualStudioVersion = 12.0.21005.1
MinimumVisualStudioVersion = 10.0.40219.1
Project("{8BC9CEB8-8B4A-11D0-8D11-00A0C91BC942}") = "练习5-1 求m到n之和", "练习5-1 求m到n之和\练习5-1 求m到n之和.vcxproj", "{FEE7002A-E5FA-4DCB-8E70-C45C1E9C0C8B}"
EndProject
Global
	GlobalSection(SolutionConfigurationPlatforms) = preSolution
		Debug|Win32 = Debug|Win32
		Release|Win32 = Release|Win32
	EndGlobalSection
	GlobalSection(ProjectConfigurationPlatforms) = postSolution
		{FEE7002A-E5FA-4DCB-8E70-C45C1E9C0C8B}.Debug|Win32.ActiveCfg = Debug|Win32
		{FEE7002A-E5FA-4DCB-8E70-C45C1E9C0C8B}.Debug|Win32.Build.0 = Debug|Win32
		{FEE7002A-E5FA-4DCB-8E70-C45C1E9C0C8B}.Release|Win32.ActiveCfg = Release|Win32
		{FEE7002A-E5FA-4DCB-8E70-C45C1E9C0C8B}.Release|Win32.Build.0 = Release|Win32
	EndGlobalSection
	GlobalSection(SolutionProperties) = preSolution
		HideSolutionNode = FALSE
	EndGlobalSection
EndGlobal
